
Microsoft Visual Studio Solution File, Format Version 12.00
# Visual Studio Version 17
VisualStudioVersion = 17.11.35431.28
MinimumVisualStudioVersion = 10.0.40219.1
Project("{FAE04EC0-301F-11D3-BF4B-00C04F79EFBC}") = "classicSW_static_partition_v1", "classicSW_static_partition_v1\classicSW_static_partition_v1.csproj", "{AEB003D1-39E1-4498-99A1-68C420CF5584}"
EndProject
Global
	GlobalSection(SolutionConfigurationPlatforms) = preSolution
		Debug|Any CPU = Debug|Any CPU
		Release|Any CPU = Release|Any CPU
	EndGlobalSection
	GlobalSection(ProjectConfigurationPlatforms) = postSolution
		{AEB003D1-39E1-4498-99A1-68C420CF5584}.Debug|Any CPU.ActiveCfg = Debug|Any CPU
		{AEB003D1-39E1-4498-99A1-68C420CF5584}.Debug|Any CPU.Build.0 = Debug|Any CPU
		{AEB003D1-39E1-4498-99A1-68C420CF5584}.Release|Any CPU.ActiveCfg = Release|Any CPU
		{AEB003D1-39E1-4498-99A1-68C420CF5584}.Release|Any CPU.Build.0 = Release|Any CPU
	EndGlobalSection
	GlobalSection(SolutionProperties) = preSolution
		HideSolutionNode = FALSE
	EndGlobalSection
	GlobalSection(ExtensibilityGlobals) = postSolution
		SolutionGuid = {5C34594E-6ED1-4246-8B3B-EA6E7D0AF5B6}
	EndGlobalSection
EndGlobal
