
Microsoft Visual Studio Solution File, Format Version 12.00
# Visual Studio Version 17
VisualStudioVersion = 17.11.35327.3
MinimumVisualStudioVersion = 10.0.40219.1
Project("{FAE04EC0-301F-11D3-BF4B-00C04F79EFBC}") = "HyPAQ_Quantum_Resource_Manager_v2", "HyPAQ_Quantum_Resource_Manager_v2\HyPAQ_Quantum_Resource_Manager_v2.csproj", "{CD43CECE-1454-468D-8217-CA2FD1D6597D}"
EndProject
Global
	GlobalSection(SolutionConfigurationPlatforms) = preSolution
		Debug|Any CPU = Debug|Any CPU
		Release|Any CPU = Release|Any CPU
	EndGlobalSection
	GlobalSection(ProjectConfigurationPlatforms) = postSolution
		{CD43CECE-1454-468D-8217-CA2FD1D6597D}.Debug|Any CPU.ActiveCfg = Debug|Any CPU
		{CD43CECE-1454-468D-8217-CA2FD1D6597D}.Debug|Any CPU.Build.0 = Debug|Any CPU
		{CD43CECE-1454-468D-8217-CA2FD1D6597D}.Release|Any CPU.ActiveCfg = Release|Any CPU
		{CD43CECE-1454-468D-8217-CA2FD1D6597D}.Release|Any CPU.Build.0 = Release|Any CPU
	EndGlobalSection
	GlobalSection(SolutionProperties) = preSolution
		HideSolutionNode = FALSE
	EndGlobalSection
	GlobalSection(ExtensibilityGlobals) = postSolution
		SolutionGuid = {409FF1A7-AE69-4DDE-AB1F-5D2C3B308292}
	EndGlobalSection
EndGlobal
