
Microsoft Visual Studio Solution File, Format Version 12.00
# Visual Studio Version 17
VisualStudioVersion = 17.11.35327.3
MinimumVisualStudioVersion = 10.0.40219.1
Project("{FAE04EC0-301F-11D3-BF4B-00C04F79EFBC}") = "HyPAQ_Incidence_Matrix_Generator_v1", "HyPAQ_Incidence_Matrix_Generator_v1\HyPAQ_Incidence_Matrix_Generator_v1.csproj", "{7B280B5B-FBA5-415D-8C09-B00F2BE29C60}"
EndProject
Global
	GlobalSection(SolutionConfigurationPlatforms) = preSolution
		Debug|Any CPU = Debug|Any CPU
		Release|Any CPU = Release|Any CPU
	EndGlobalSection
	GlobalSection(ProjectConfigurationPlatforms) = postSolution
		{7B280B5B-FBA5-415D-8C09-B00F2BE29C60}.Debug|Any CPU.ActiveCfg = Debug|Any CPU
		{7B280B5B-FBA5-415D-8C09-B00F2BE29C60}.Debug|Any CPU.Build.0 = Debug|Any CPU
		{7B280B5B-FBA5-415D-8C09-B00F2BE29C60}.Release|Any CPU.ActiveCfg = Release|Any CPU
		{7B280B5B-FBA5-415D-8C09-B00F2BE29C60}.Release|Any CPU.Build.0 = Release|Any CPU
	EndGlobalSection
	GlobalSection(SolutionProperties) = preSolution
		HideSolutionNode = FALSE
	EndGlobalSection
	GlobalSection(ExtensibilityGlobals) = postSolution
		SolutionGuid = {F983F8C9-11A8-48B7-AFF9-F148426A0C31}
	EndGlobalSection
EndGlobal
